
Microsoft Visual Studio Solution File, Format Version 12.00
# Visual Studio 15
VisualStudioVersion = 15.0.28010.2050
MinimumVisualStudioVersion = 10.0.40219.1
Project("{8BC9CEB8-8B4A-11D0-8D11-00A0C91BC942}") = "merge", "merge\merge.vcxproj", "{033547BE-81A6-4479-A8A1-AF5DD8A64B54}"
EndProject
Project("{8BC9CEB8-8B4A-11D0-8D11-00A0C91BC942}") = "split_merge", "split_merge\split_merge.vcxproj", "{0DD81F1D-9B17-4216-AB4B-DA58EF040F0A}"
EndProject
Project("{8BC9CEB8-8B4A-11D0-8D11-00A0C91BC942}") = "quick", "quick\quick.vcxproj", "{5CC6601F-F546-4F0D-8D6F-117D4BE5A6DC}"
EndProject
Project("{8BC9CEB8-8B4A-11D0-8D11-00A0C91BC942}") = "bubble", "bubble\bubble.vcxproj", "{69DF60F3-40C9-4D96-B7BA-069FD751FE6B}"
EndProject
Project("{8BC9CEB8-8B4A-11D0-8D11-00A0C91BC942}") = "selection", "selection\selection.vcxproj", "{0306C298-E037-4134-AE3C-564FDEC51209}"
EndProject
Project("{8BC9CEB8-8B4A-11D0-8D11-00A0C91BC942}") = "insertion", "insertion\insertion.vcxproj", "{83071794-D7BB-4EA3-BBF7-13BD4055B367}"
EndProject
Global
	GlobalSection(SolutionConfigurationPlatforms) = preSolution
		Debug|x64 = Debug|x64
		Debug|x86 = Debug|x86
		Release|x64 = Release|x64
		Release|x86 = Release|x86
	EndGlobalSection
	GlobalSection(ProjectConfigurationPlatforms) = postSolution
		{033547BE-81A6-4479-A8A1-AF5DD8A64B54}.Debug|x64.ActiveCfg = Debug|x64
		{033547BE-81A6-4479-A8A1-AF5DD8A64B54}.Debug|x64.Build.0 = Debug|x64
		{033547BE-81A6-4479-A8A1-AF5DD8A64B54}.Debug|x86.ActiveCfg = Debug|Win32
		{033547BE-81A6-4479-A8A1-AF5DD8A64B54}.Debug|x86.Build.0 = Debug|Win32
		{033547BE-81A6-4479-A8A1-AF5DD8A64B54}.Release|x64.ActiveCfg = Release|x64
		{033547BE-81A6-4479-A8A1-AF5DD8A64B54}.Release|x64.Build.0 = Release|x64
		{033547BE-81A6-4479-A8A1-AF5DD8A64B54}.Release|x86.ActiveCfg = Release|Win32
		{033547BE-81A6-4479-A8A1-AF5DD8A64B54}.Release|x86.Build.0 = Release|Win32
		{0DD81F1D-9B17-4216-AB4B-DA58EF040F0A}.Debug|x64.ActiveCfg = Debug|x64
		{0DD81F1D-9B17-4216-AB4B-DA58EF040F0A}.Debug|x64.Build.0 = Debug|x64
		{0DD81F1D-9B17-4216-AB4B-DA58EF040F0A}.Debug|x86.ActiveCfg = Debug|Win32
		{0DD81F1D-9B17-4216-AB4B-DA58EF040F0A}.Debug|x86.Build.0 = Debug|Win32
		{0DD81F1D-9B17-4216-AB4B-DA58EF040F0A}.Release|x64.ActiveCfg = Release|x64
		{0DD81F1D-9B17-4216-AB4B-DA58EF040F0A}.Release|x64.Build.0 = Release|x64
		{0DD81F1D-9B17-4216-AB4B-DA58EF040F0A}.Release|x86.ActiveCfg = Release|Win32
		{0DD81F1D-9B17-4216-AB4B-DA58EF040F0A}.Release|x86.Build.0 = Release|Win32
		{5CC6601F-F546-4F0D-8D6F-117D4BE5A6DC}.Debug|x64.ActiveCfg = Debug|x64
		{5CC6601F-F546-4F0D-8D6F-117D4BE5A6DC}.Debug|x64.Build.0 = Debug|x64
		{5CC6601F-F546-4F0D-8D6F-117D4BE5A6DC}.Debug|x86.ActiveCfg = Debug|Win32
		{5CC6601F-F546-4F0D-8D6F-117D4BE5A6DC}.Debug|x86.Build.0 = Debug|Win32
		{5CC6601F-F546-4F0D-8D6F-117D4BE5A6DC}.Release|x64.ActiveCfg = Release|x64
		{5CC6601F-F546-4F0D-8D6F-117D4BE5A6DC}.Release|x64.Build.0 = Release|x64
		{5CC6601F-F546-4F0D-8D6F-117D4BE5A6DC}.Release|x86.ActiveCfg = Release|Win32
		{5CC6601F-F546-4F0D-8D6F-117D4BE5A6DC}.Release|x86.Build.0 = Release|Win32
		{69DF60F3-40C9-4D96-B7BA-069FD751FE6B}.Debug|x64.ActiveCfg = Debug|x64
		{69DF60F3-40C9-4D96-B7BA-069FD751FE6B}.Debug|x64.Build.0 = Debug|x64
		{69DF60F3-40C9-4D96-B7BA-069FD751FE6B}.Debug|x86.ActiveCfg = Debug|Win32
		{69DF60F3-40C9-4D96-B7BA-069FD751FE6B}.Debug|x86.Build.0 = Debug|Win32
		{69DF60F3-40C9-4D96-B7BA-069FD751FE6B}.Release|x64.ActiveCfg = Release|x64
		{69DF60F3-40C9-4D96-B7BA-069FD751FE6B}.Release|x64.Build.0 = Release|x64
		{69DF60F3-40C9-4D96-B7BA-069FD751FE6B}.Release|x86.ActiveCfg = Release|Win32
		{69DF60F3-40C9-4D96-B7BA-069FD751FE6B}.Release|x86.Build.0 = Release|Win32
		{0306C298-E037-4134-AE3C-564FDEC51209}.Debug|x64.ActiveCfg = Debug|x64
		{0306C298-E037-4134-AE3C-564FDEC51209}.Debug|x64.Build.0 = Debug|x64
		{0306C298-E037-4134-AE3C-564FDEC51209}.Debug|x86.ActiveCfg = Debug|Win32
		{0306C298-E037-4134-AE3C-564FDEC51209}.Debug|x86.Build.0 = Debug|Win32
		{0306C298-E037-4134-AE3C-564FDEC51209}.Release|x64.ActiveCfg = Release|x64
		{0306C298-E037-4134-AE3C-564FDEC51209}.Release|x64.Build.0 = Release|x64
		{0306C298-E037-4134-AE3C-564FDEC51209}.Release|x86.ActiveCfg = Release|Win32
		{0306C298-E037-4134-AE3C-564FDEC51209}.Release|x86.Build.0 = Release|Win32
		{83071794-D7BB-4EA3-BBF7-13BD4055B367}.Debug|x64.ActiveCfg = Debug|x64
		{83071794-D7BB-4EA3-BBF7-13BD4055B367}.Debug|x64.Build.0 = Debug|x64
		{83071794-D7BB-4EA3-BBF7-13BD4055B367}.Debug|x86.ActiveCfg = Debug|Win32
		{83071794-D7BB-4EA3-BBF7-13BD4055B367}.Debug|x86.Build.0 = Debug|Win32
		{83071794-D7BB-4EA3-BBF7-13BD4055B367}.Release|x64.ActiveCfg = Release|x64
		{83071794-D7BB-4EA3-BBF7-13BD4055B367}.Release|x64.Build.0 = Release|x64
		{83071794-D7BB-4EA3-BBF7-13BD4055B367}.Release|x86.ActiveCfg = Release|Win32
		{83071794-D7BB-4EA3-BBF7-13BD4055B367}.Release|x86.Build.0 = Release|Win32
	EndGlobalSection
	GlobalSection(SolutionProperties) = preSolution
		HideSolutionNode = FALSE
	EndGlobalSection
	GlobalSection(ExtensibilityGlobals) = postSolution
		SolutionGuid = {12F4DD38-44FA-44E9-80B5-9140F93434EB}
	EndGlobalSection
EndGlobal
